
Microsoft Visual Studio Solution File, Format Version 12.00
# Visual Studio Version 17
VisualStudioVersion = 17.6.33829.357
MinimumVisualStudioVersion = 10.0.40219.1
Project("{FAE04EC0-301F-11D3-BF4B-00C04F79EFBC}") = "ConsoleApp1", "ConsoleApp1\ConsoleApp1.csproj", "{F15EDDBD-D222-4734-B905-EF64E4182C24}"
EndProject
Global
	GlobalSection(SolutionConfigurationPlatforms) = preSolution
		Debug|Any CPU = Debug|Any CPU
		Release|Any CPU = Release|Any CPU
	EndGlobalSection
	GlobalSection(ProjectConfigurationPlatforms) = postSolution
		{F15EDDBD-D222-4734-B905-EF64E4182C24}.Debug|Any CPU.ActiveCfg = Debug|Any CPU
		{F15EDDBD-D222-4734-B905-EF64E4182C24}.Debug|Any CPU.Build.0 = Debug|Any CPU
		{F15EDDBD-D222-4734-B905-EF64E4182C24}.Release|Any CPU.ActiveCfg = Release|Any CPU
		{F15EDDBD-D222-4734-B905-EF64E4182C24}.Release|Any CPU.Build.0 = Release|Any CPU
	EndGlobalSection
	GlobalSection(SolutionProperties) = preSolution
		HideSolutionNode = FALSE
	EndGlobalSection
	GlobalSection(ExtensibilityGlobals) = postSolution
		SolutionGuid = {9FC80D66-070B-4422-B10D-54E11B877417}
	EndGlobalSection
EndGlobal
